
Microsoft Visual Studio Solution File, Format Version 12.00
# Visual Studio 15
VisualStudioVersion = 15.0.27130.2036
MinimumVisualStudioVersion = 10.0.40219.1
Project("{FAE04EC0-301F-11D3-BF4B-00C04F79EFBC}") = "ApplicationWithHSTS", "ApplicationWithHSTS\ApplicationWithHSTS.csproj", "{F35BD041-A36A-49FB-A5BE-DD46A6AAB39F}"
EndProject
Global
	GlobalSection(SolutionConfigurationPlatforms) = preSolution
		Debug|Any CPU = Debug|Any CPU
		Release|Any CPU = Release|Any CPU
	EndGlobalSection
	GlobalSection(ProjectConfigurationPlatforms) = postSolution
		{F35BD041-A36A-49FB-A5BE-DD46A6AAB39F}.Debug|Any CPU.ActiveCfg = Debug|Any CPU
		{F35BD041-A36A-49FB-A5BE-DD46A6AAB39F}.Debug|Any CPU.Build.0 = Debug|Any CPU
		{F35BD041-A36A-49FB-A5BE-DD46A6AAB39F}.Release|Any CPU.ActiveCfg = Release|Any CPU
		{F35BD041-A36A-49FB-A5BE-DD46A6AAB39F}.Release|Any CPU.Build.0 = Release|Any CPU
	EndGlobalSection
	GlobalSection(SolutionProperties) = preSolution
		HideSolutionNode = FALSE
	EndGlobalSection
	GlobalSection(ExtensibilityGlobals) = postSolution
		SolutionGuid = {6371F042-54EF-41E9-82F0-C6212CD00C24}
	EndGlobalSection
EndGlobal
